
Microsoft Visual Studio Solution File, Format Version 12.00
# Visual Studio Version 17
VisualStudioVersion = 17.0.31521.260
MinimumVisualStudioVersion = 10.0.40219.1
Project("{9A19103F-16F7-4668-BE54-9A1E7A4F7556}") = "DevCoreApp.Client", "src\Client\DevCoreApp.Client.csproj", "{733CE18D-2724-450C-B19C-B5DCF6B32720}"
EndProject
Project("{2150E333-8FDC-42A3-9474-1A3956D46DE8}") = "Database", "Database", "{247E234E-54C7-44F3-A480-C3CA82611891}"
EndProject
Project("{9A19103F-16F7-4668-BE54-9A1E7A4F7556}") = "Core", "src\Server\Database\Core\Core.csproj", "{A174DD1E-87A7-44FD-83E2-FC41A97E7FFF}"
EndProject
Project("{9A19103F-16F7-4668-BE54-9A1E7A4F7556}") = "SqlServer", "src\Server\Database\SqlServer\SqlServer.csproj", "{3F04240A-E123-4891-B56C-768EBF1DA384}"
EndProject
Project("{9A19103F-16F7-4668-BE54-9A1E7A4F7556}") = "Postgres", "src\Server\Database\Postgres\Postgres.csproj", "{40456C26-ED01-4749-A00D-B982380E5EB9}"
EndProject
Project("{9A19103F-16F7-4668-BE54-9A1E7A4F7556}") = "EmailProcessor", "src\Server\Email\Processor\EmailProcessor.csproj", "{160BC329-E151-416F-8984-C8B1B8344F75}"
EndProject
Project("{9A19103F-16F7-4668-BE54-9A1E7A4F7556}") = "EmailProcessor.MailKit", "src\Server\Email\MailKit\EmailProcessor.MailKit.csproj", "{C3941D16-8406-4D91-A614-504FB5A3EB36}"
EndProject
Project("{9A19103F-16F7-4668-BE54-9A1E7A4F7556}") = "Core.Tests", "tests\Server\Database\Core\Core.Tests.csproj", "{98A151E1-7D76-45E2-8115-9973140D01A5}"
EndProject
Project("{9A19103F-16F7-4668-BE54-9A1E7A4F7556}") = "TestUtils", "tests\Shared\TestUtils\TestUtils.csproj", "{8041DE94-055D-4686-A4D7-7E7201EC63C8}"
EndProject
Project("{2150E333-8FDC-42A3-9474-1A3956D46DE8}") = "Server", "Server", "{8DB2917D-A4FD-45C5-AD1E-3C848314D3BC}"
EndProject
Project("{2150E333-8FDC-42A3-9474-1A3956D46DE8}") = "Tests", "Tests", "{8C97F773-2424-4147-986C-B367BB14A204}"
EndProject
Project("{2150E333-8FDC-42A3-9474-1A3956D46DE8}") = "Tests", "Tests", "{74993CDF-986C-40B6-94A5-FA3CFEB7AF77}"
EndProject
Project("{2150E333-8FDC-42A3-9474-1A3956D46DE8}") = "Email", "Email", "{567B567A-44BF-47EE-9209-260D2A85462D}"
EndProject
Project("{9A19103F-16F7-4668-BE54-9A1E7A4F7556}") = "Shared.Model", "src\Shared\Model\Shared.Model.csproj", "{4858A2C6-5435-4DBD-8F74-A112B3765049}"
EndProject
Project("{9A19103F-16F7-4668-BE54-9A1E7A4F7556}") = "Shared.Utils", "src\Shared\Utils\Shared.Utils.csproj", "{E522238E-5143-4EF3-98CD-3A87AC21B845}"
EndProject
Project("{9A19103F-16F7-4668-BE54-9A1E7A4F7556}") = "WebService.Tests", "tests\Server\WebService\WebService.Tests.csproj", "{271F2434-0034-4395-8FE6-3433BB5BACA3}"
EndProject
Project("{9A19103F-16F7-4668-BE54-9A1E7A4F7556}") = "WebService", "src\Server\WebService\WebService.csproj", "{7B578F41-D441-409A-A957-0D9E07C1349E}"
EndProject
Project("{2150E333-8FDC-42A3-9474-1A3956D46DE8}") = "Client", "Client", "{1EE9A5F0-6A34-4F97-B0E9-F5D3DE2D646F}"
EndProject
Project("{2150E333-8FDC-42A3-9474-1A3956D46DE8}") = "Shared", "Shared", "{5BE39AE2-1B95-4A45-835E-A7691ECE5D5E}"
EndProject
Global
	GlobalSection(SolutionConfigurationPlatforms) = preSolution
		Debug|Any CPU = Debug|Any CPU
		Release|Any CPU = Release|Any CPU
	EndGlobalSection
	GlobalSection(ProjectConfigurationPlatforms) = postSolution
		{733CE18D-2724-450C-B19C-B5DCF6B32720}.Debug|Any CPU.ActiveCfg = Debug|Any CPU
		{733CE18D-2724-450C-B19C-B5DCF6B32720}.Debug|Any CPU.Build.0 = Debug|Any CPU
		{733CE18D-2724-450C-B19C-B5DCF6B32720}.Release|Any CPU.ActiveCfg = Release|Any CPU
		{733CE18D-2724-450C-B19C-B5DCF6B32720}.Release|Any CPU.Build.0 = Release|Any CPU
		{A174DD1E-87A7-44FD-83E2-FC41A97E7FFF}.Debug|Any CPU.ActiveCfg = Debug|Any CPU
		{A174DD1E-87A7-44FD-83E2-FC41A97E7FFF}.Debug|Any CPU.Build.0 = Debug|Any CPU
		{A174DD1E-87A7-44FD-83E2-FC41A97E7FFF}.Release|Any CPU.ActiveCfg = Release|Any CPU
		{A174DD1E-87A7-44FD-83E2-FC41A97E7FFF}.Release|Any CPU.Build.0 = Release|Any CPU
		{3F04240A-E123-4891-B56C-768EBF1DA384}.Debug|Any CPU.ActiveCfg = Debug|Any CPU
		{3F04240A-E123-4891-B56C-768EBF1DA384}.Debug|Any CPU.Build.0 = Debug|Any CPU
		{3F04240A-E123-4891-B56C-768EBF1DA384}.Release|Any CPU.ActiveCfg = Release|Any CPU
		{3F04240A-E123-4891-B56C-768EBF1DA384}.Release|Any CPU.Build.0 = Release|Any CPU
		{40456C26-ED01-4749-A00D-B982380E5EB9}.Debug|Any CPU.ActiveCfg = Debug|Any CPU
		{40456C26-ED01-4749-A00D-B982380E5EB9}.Debug|Any CPU.Build.0 = Debug|Any CPU
		{40456C26-ED01-4749-A00D-B982380E5EB9}.Release|Any CPU.ActiveCfg = Release|Any CPU
		{40456C26-ED01-4749-A00D-B982380E5EB9}.Release|Any CPU.Build.0 = Release|Any CPU
		{160BC329-E151-416F-8984-C8B1B8344F75}.Debug|Any CPU.ActiveCfg = Debug|Any CPU
		{160BC329-E151-416F-8984-C8B1B8344F75}.Debug|Any CPU.Build.0 = Debug|Any CPU
		{160BC329-E151-416F-8984-C8B1B8344F75}.Release|Any CPU.ActiveCfg = Release|Any CPU
		{160BC329-E151-416F-8984-C8B1B8344F75}.Release|Any CPU.Build.0 = Release|Any CPU
		{C3941D16-8406-4D91-A614-504FB5A3EB36}.Debug|Any CPU.ActiveCfg = Debug|Any CPU
		{C3941D16-8406-4D91-A614-504FB5A3EB36}.Debug|Any CPU.Build.0 = Debug|Any CPU
		{C3941D16-8406-4D91-A614-504FB5A3EB36}.Release|Any CPU.ActiveCfg = Release|Any CPU
		{C3941D16-8406-4D91-A614-504FB5A3EB36}.Release|Any CPU.Build.0 = Release|Any CPU
		{98A151E1-7D76-45E2-8115-9973140D01A5}.Debug|Any CPU.ActiveCfg = Debug|Any CPU
		{98A151E1-7D76-45E2-8115-9973140D01A5}.Debug|Any CPU.Build.0 = Debug|Any CPU
		{98A151E1-7D76-45E2-8115-9973140D01A5}.Release|Any CPU.ActiveCfg = Release|Any CPU
		{98A151E1-7D76-45E2-8115-9973140D01A5}.Release|Any CPU.Build.0 = Release|Any CPU
		{8041DE94-055D-4686-A4D7-7E7201EC63C8}.Debug|Any CPU.ActiveCfg = Debug|Any CPU
		{8041DE94-055D-4686-A4D7-7E7201EC63C8}.Debug|Any CPU.Build.0 = Debug|Any CPU
		{8041DE94-055D-4686-A4D7-7E7201EC63C8}.Release|Any CPU.ActiveCfg = Release|Any CPU
		{8041DE94-055D-4686-A4D7-7E7201EC63C8}.Release|Any CPU.Build.0 = Release|Any CPU
		{4858A2C6-5435-4DBD-8F74-A112B3765049}.Debug|Any CPU.ActiveCfg = Debug|Any CPU
		{4858A2C6-5435-4DBD-8F74-A112B3765049}.Debug|Any CPU.Build.0 = Debug|Any CPU
		{4858A2C6-5435-4DBD-8F74-A112B3765049}.Release|Any CPU.ActiveCfg = Release|Any CPU
		{4858A2C6-5435-4DBD-8F74-A112B3765049}.Release|Any CPU.Build.0 = Release|Any CPU
		{E522238E-5143-4EF3-98CD-3A87AC21B845}.Debug|Any CPU.ActiveCfg = Debug|Any CPU
		{E522238E-5143-4EF3-98CD-3A87AC21B845}.Debug|Any CPU.Build.0 = Debug|Any CPU
		{E522238E-5143-4EF3-98CD-3A87AC21B845}.Release|Any CPU.ActiveCfg = Release|Any CPU
		{E522238E-5143-4EF3-98CD-3A87AC21B845}.Release|Any CPU.Build.0 = Release|Any CPU
		{271F2434-0034-4395-8FE6-3433BB5BACA3}.Debug|Any CPU.ActiveCfg = Debug|Any CPU
		{271F2434-0034-4395-8FE6-3433BB5BACA3}.Debug|Any CPU.Build.0 = Debug|Any CPU
		{271F2434-0034-4395-8FE6-3433BB5BACA3}.Release|Any CPU.ActiveCfg = Release|Any CPU
		{271F2434-0034-4395-8FE6-3433BB5BACA3}.Release|Any CPU.Build.0 = Release|Any CPU
		{7B578F41-D441-409A-A957-0D9E07C1349E}.Debug|Any CPU.ActiveCfg = Debug|Any CPU
		{7B578F41-D441-409A-A957-0D9E07C1349E}.Debug|Any CPU.Build.0 = Debug|Any CPU
		{7B578F41-D441-409A-A957-0D9E07C1349E}.Release|Any CPU.ActiveCfg = Release|Any CPU
		{7B578F41-D441-409A-A957-0D9E07C1349E}.Release|Any CPU.Build.0 = Release|Any CPU
	EndGlobalSection
	GlobalSection(SolutionProperties) = preSolution
		HideSolutionNode = FALSE
	EndGlobalSection
	GlobalSection(NestedProjects) = preSolution
		{733CE18D-2724-450C-B19C-B5DCF6B32720} = {1EE9A5F0-6A34-4F97-B0E9-F5D3DE2D646F}
		{247E234E-54C7-44F3-A480-C3CA82611891} = {8DB2917D-A4FD-45C5-AD1E-3C848314D3BC}
		{A174DD1E-87A7-44FD-83E2-FC41A97E7FFF} = {247E234E-54C7-44F3-A480-C3CA82611891}
		{3F04240A-E123-4891-B56C-768EBF1DA384} = {247E234E-54C7-44F3-A480-C3CA82611891}
		{40456C26-ED01-4749-A00D-B982380E5EB9} = {247E234E-54C7-44F3-A480-C3CA82611891}
		{160BC329-E151-416F-8984-C8B1B8344F75} = {567B567A-44BF-47EE-9209-260D2A85462D}
		{C3941D16-8406-4D91-A614-504FB5A3EB36} = {567B567A-44BF-47EE-9209-260D2A85462D}
		{98A151E1-7D76-45E2-8115-9973140D01A5} = {247E234E-54C7-44F3-A480-C3CA82611891}
		{8041DE94-055D-4686-A4D7-7E7201EC63C8} = {74993CDF-986C-40B6-94A5-FA3CFEB7AF77}
		{8C97F773-2424-4147-986C-B367BB14A204} = {8DB2917D-A4FD-45C5-AD1E-3C848314D3BC}
		{74993CDF-986C-40B6-94A5-FA3CFEB7AF77} = {5BE39AE2-1B95-4A45-835E-A7691ECE5D5E}
		{567B567A-44BF-47EE-9209-260D2A85462D} = {8DB2917D-A4FD-45C5-AD1E-3C848314D3BC}
		{4858A2C6-5435-4DBD-8F74-A112B3765049} = {5BE39AE2-1B95-4A45-835E-A7691ECE5D5E}
		{E522238E-5143-4EF3-98CD-3A87AC21B845} = {5BE39AE2-1B95-4A45-835E-A7691ECE5D5E}
		{271F2434-0034-4395-8FE6-3433BB5BACA3} = {8C97F773-2424-4147-986C-B367BB14A204}
		{7B578F41-D441-409A-A957-0D9E07C1349E} = {8DB2917D-A4FD-45C5-AD1E-3C848314D3BC}
	EndGlobalSection
	GlobalSection(ExtensibilityGlobals) = postSolution
		SolutionGuid = {6BFA0519-0D2F-4B5F-B802-3227E2B7CFB3}
	EndGlobalSection
EndGlobal
