
Microsoft Visual Studio Solution File, Format Version 12.00
# Visual Studio Version 17
VisualStudioVersion = 17.0.31521.260
MinimumVisualStudioVersion = 10.0.40219.1
Project("{9A19103F-16F7-4668-BE54-9A1E7A4F7556}") = "Client", "src\Client\Client.csproj", "{733CE18D-2724-450C-B19C-B5DCF6B32720}"
EndProject
Project("{9A19103F-16F7-4668-BE54-9A1E7A4F7556}") = "Shared", "src\Shared\Shared.csproj", "{7AA514C3-8312-4AD5-9540-D6FF7262B744}"
EndProject
Project("{9A19103F-16F7-4668-BE54-9A1E7A4F7556}") = "Server", "src\Server\WebService\Server.csproj", "{2370A57D-307E-4ACF-9D5D-5D406FBAAC7C}"
EndProject
Project("{2150E333-8FDC-42A3-9474-1A3956D46DE8}") = "Database", "Database", "{247E234E-54C7-44F3-A480-C3CA82611891}"
EndProject
Project("{9A19103F-16F7-4668-BE54-9A1E7A4F7556}") = "Core", "src\Server\Database\Core\Core.csproj", "{A174DD1E-87A7-44FD-83E2-FC41A97E7FFF}"
EndProject
Project("{9A19103F-16F7-4668-BE54-9A1E7A4F7556}") = "SqlServer", "src\Server\Database\SqlServer\SqlServer.csproj", "{3F04240A-E123-4891-B56C-768EBF1DA384}"
EndProject
Project("{9A19103F-16F7-4668-BE54-9A1E7A4F7556}") = "Postgres", "src\Server\Database\Postgres\Postgres.csproj", "{40456C26-ED01-4749-A00D-B982380E5EB9}"
EndProject
Project("{9A19103F-16F7-4668-BE54-9A1E7A4F7556}") = "TestUtils", "tests\Shared\NoCrast.TestUtils\TestUtils.csproj", "{A7077073-D68D-4153-B970-A84F6BE57F47}"
EndProject
Project("{2150E333-8FDC-42A3-9474-1A3956D46DE8}") = "Email", "Email", "{087B6913-EB42-4798-8DD2-5B9C70CD99F8}"
EndProject
Project("{9A19103F-16F7-4668-BE54-9A1E7A4F7556}") = "EmailProcessor", "..\nocrast\src\Server\Email\Processor\EmailProcessor.csproj", "{4444DACA-352F-4E5A-8972-75476EE82A34}"
EndProject
Project("{9A19103F-16F7-4668-BE54-9A1E7A4F7556}") = "EmailProcessor.MailKit", "..\nocrast\src\Server\Email\MailKit\EmailProcessor.MailKit.csproj", "{ECA2B23A-A1FF-4F49-8B2A-7AF0D1BA2528}"
EndProject
Global
	GlobalSection(SolutionConfigurationPlatforms) = preSolution
		Debug|Any CPU = Debug|Any CPU
		Release|Any CPU = Release|Any CPU
	EndGlobalSection
	GlobalSection(ProjectConfigurationPlatforms) = postSolution
		{733CE18D-2724-450C-B19C-B5DCF6B32720}.Debug|Any CPU.ActiveCfg = Debug|Any CPU
		{733CE18D-2724-450C-B19C-B5DCF6B32720}.Debug|Any CPU.Build.0 = Debug|Any CPU
		{733CE18D-2724-450C-B19C-B5DCF6B32720}.Release|Any CPU.ActiveCfg = Release|Any CPU
		{733CE18D-2724-450C-B19C-B5DCF6B32720}.Release|Any CPU.Build.0 = Release|Any CPU
		{7AA514C3-8312-4AD5-9540-D6FF7262B744}.Debug|Any CPU.ActiveCfg = Debug|Any CPU
		{7AA514C3-8312-4AD5-9540-D6FF7262B744}.Debug|Any CPU.Build.0 = Debug|Any CPU
		{7AA514C3-8312-4AD5-9540-D6FF7262B744}.Release|Any CPU.ActiveCfg = Release|Any CPU
		{7AA514C3-8312-4AD5-9540-D6FF7262B744}.Release|Any CPU.Build.0 = Release|Any CPU
		{2370A57D-307E-4ACF-9D5D-5D406FBAAC7C}.Debug|Any CPU.ActiveCfg = Debug|Any CPU
		{2370A57D-307E-4ACF-9D5D-5D406FBAAC7C}.Debug|Any CPU.Build.0 = Debug|Any CPU
		{2370A57D-307E-4ACF-9D5D-5D406FBAAC7C}.Release|Any CPU.ActiveCfg = Release|Any CPU
		{2370A57D-307E-4ACF-9D5D-5D406FBAAC7C}.Release|Any CPU.Build.0 = Release|Any CPU
		{A174DD1E-87A7-44FD-83E2-FC41A97E7FFF}.Debug|Any CPU.ActiveCfg = Debug|Any CPU
		{A174DD1E-87A7-44FD-83E2-FC41A97E7FFF}.Debug|Any CPU.Build.0 = Debug|Any CPU
		{A174DD1E-87A7-44FD-83E2-FC41A97E7FFF}.Release|Any CPU.ActiveCfg = Release|Any CPU
		{A174DD1E-87A7-44FD-83E2-FC41A97E7FFF}.Release|Any CPU.Build.0 = Release|Any CPU
		{3F04240A-E123-4891-B56C-768EBF1DA384}.Debug|Any CPU.ActiveCfg = Debug|Any CPU
		{3F04240A-E123-4891-B56C-768EBF1DA384}.Debug|Any CPU.Build.0 = Debug|Any CPU
		{3F04240A-E123-4891-B56C-768EBF1DA384}.Release|Any CPU.ActiveCfg = Release|Any CPU
		{3F04240A-E123-4891-B56C-768EBF1DA384}.Release|Any CPU.Build.0 = Release|Any CPU
		{40456C26-ED01-4749-A00D-B982380E5EB9}.Debug|Any CPU.ActiveCfg = Debug|Any CPU
		{40456C26-ED01-4749-A00D-B982380E5EB9}.Debug|Any CPU.Build.0 = Debug|Any CPU
		{40456C26-ED01-4749-A00D-B982380E5EB9}.Release|Any CPU.ActiveCfg = Release|Any CPU
		{40456C26-ED01-4749-A00D-B982380E5EB9}.Release|Any CPU.Build.0 = Release|Any CPU
		{A7077073-D68D-4153-B970-A84F6BE57F47}.Debug|Any CPU.ActiveCfg = Debug|Any CPU
		{A7077073-D68D-4153-B970-A84F6BE57F47}.Debug|Any CPU.Build.0 = Debug|Any CPU
		{A7077073-D68D-4153-B970-A84F6BE57F47}.Release|Any CPU.ActiveCfg = Release|Any CPU
		{A7077073-D68D-4153-B970-A84F6BE57F47}.Release|Any CPU.Build.0 = Release|Any CPU
		{4444DACA-352F-4E5A-8972-75476EE82A34}.Debug|Any CPU.ActiveCfg = Debug|Any CPU
		{4444DACA-352F-4E5A-8972-75476EE82A34}.Debug|Any CPU.Build.0 = Debug|Any CPU
		{4444DACA-352F-4E5A-8972-75476EE82A34}.Release|Any CPU.ActiveCfg = Release|Any CPU
		{4444DACA-352F-4E5A-8972-75476EE82A34}.Release|Any CPU.Build.0 = Release|Any CPU
		{ECA2B23A-A1FF-4F49-8B2A-7AF0D1BA2528}.Debug|Any CPU.ActiveCfg = Debug|Any CPU
		{ECA2B23A-A1FF-4F49-8B2A-7AF0D1BA2528}.Debug|Any CPU.Build.0 = Debug|Any CPU
		{ECA2B23A-A1FF-4F49-8B2A-7AF0D1BA2528}.Release|Any CPU.ActiveCfg = Release|Any CPU
		{ECA2B23A-A1FF-4F49-8B2A-7AF0D1BA2528}.Release|Any CPU.Build.0 = Release|Any CPU
	EndGlobalSection
	GlobalSection(SolutionProperties) = preSolution
		HideSolutionNode = FALSE
	EndGlobalSection
	GlobalSection(NestedProjects) = preSolution
		{A174DD1E-87A7-44FD-83E2-FC41A97E7FFF} = {247E234E-54C7-44F3-A480-C3CA82611891}
		{3F04240A-E123-4891-B56C-768EBF1DA384} = {247E234E-54C7-44F3-A480-C3CA82611891}
		{40456C26-ED01-4749-A00D-B982380E5EB9} = {247E234E-54C7-44F3-A480-C3CA82611891}
		{4444DACA-352F-4E5A-8972-75476EE82A34} = {087B6913-EB42-4798-8DD2-5B9C70CD99F8}
		{ECA2B23A-A1FF-4F49-8B2A-7AF0D1BA2528} = {087B6913-EB42-4798-8DD2-5B9C70CD99F8}
	EndGlobalSection
	GlobalSection(ExtensibilityGlobals) = postSolution
		SolutionGuid = {6BFA0519-0D2F-4B5F-B802-3227E2B7CFB3}
	EndGlobalSection
EndGlobal
